
Microsoft Visual Studio Solution File, Format Version 12.00
# Visual Studio Version 16
VisualStudioVersion = 16.0.30804.86
MinimumVisualStudioVersion = 10.0.40219.1
Project("{FAE04EC0-301F-11D3-BF4B-00C04F79EFBC}") = "CSharpBasics", "CSharpBasics\CSharpBasics.csproj", "{BC9F8AAE-15E5-4BEA-9E96-6B5222212FF6}"
EndProject
Project("{FAE04EC0-301F-11D3-BF4B-00C04F79EFBC}") = "OopDemo", "OopDemo\OopDemo.csproj", "{579CB167-3CA4-45FE-86BD-0A7937CC4D32}"
EndProject
Global
	GlobalSection(SolutionConfigurationPlatforms) = preSolution
		Debug|Any CPU = Debug|Any CPU
		Release|Any CPU = Release|Any CPU
	EndGlobalSection
	GlobalSection(ProjectConfigurationPlatforms) = postSolution
		{BC9F8AAE-15E5-4BEA-9E96-6B5222212FF6}.Debug|Any CPU.ActiveCfg = Debug|Any CPU
		{BC9F8AAE-15E5-4BEA-9E96-6B5222212FF6}.Debug|Any CPU.Build.0 = Debug|Any CPU
		{BC9F8AAE-15E5-4BEA-9E96-6B5222212FF6}.Release|Any CPU.ActiveCfg = Release|Any CPU
		{BC9F8AAE-15E5-4BEA-9E96-6B5222212FF6}.Release|Any CPU.Build.0 = Release|Any CPU
		{579CB167-3CA4-45FE-86BD-0A7937CC4D32}.Debug|Any CPU.ActiveCfg = Debug|Any CPU
		{579CB167-3CA4-45FE-86BD-0A7937CC4D32}.Debug|Any CPU.Build.0 = Debug|Any CPU
		{579CB167-3CA4-45FE-86BD-0A7937CC4D32}.Release|Any CPU.ActiveCfg = Release|Any CPU
		{579CB167-3CA4-45FE-86BD-0A7937CC4D32}.Release|Any CPU.Build.0 = Release|Any CPU
	EndGlobalSection
	GlobalSection(SolutionProperties) = preSolution
		HideSolutionNode = FALSE
	EndGlobalSection
	GlobalSection(ExtensibilityGlobals) = postSolution
		SolutionGuid = {5678346A-C27A-437E-A6AA-7AC47CB9621B}
	EndGlobalSection
EndGlobal
