
Microsoft Visual Studio Solution File, Format Version 12.00
# Visual Studio Version 16
VisualStudioVersion = 16.0.30804.86
MinimumVisualStudioVersion = 10.0.40219.1
Project("{FAE04EC0-301F-11D3-BF4B-00C04F79EFBC}") = "ProgramsDemo", "ProgramsDemo\ProgramsDemo.csproj", "{42E834C6-D507-4FF2-862F-5863695773F0}"
EndProject
Project("{FAE04EC0-301F-11D3-BF4B-00C04F79EFBC}") = "OopsDemo", "OopsDemo\OopsDemo.csproj", "{6616CD9A-71E6-4519-A7C4-61324AE6B71C}"
EndProject
Project("{FAE04EC0-301F-11D3-BF4B-00C04F79EFBC}") = "OopsDemo1", "OopsDemo1\OopsDemo1.csproj", "{D8C6EC86-70C1-4EA1-AB45-6B13418F4AB9}"
EndProject
Global
	GlobalSection(SolutionConfigurationPlatforms) = preSolution
		Debug|Any CPU = Debug|Any CPU
		Release|Any CPU = Release|Any CPU
	EndGlobalSection
	GlobalSection(ProjectConfigurationPlatforms) = postSolution
		{42E834C6-D507-4FF2-862F-5863695773F0}.Debug|Any CPU.ActiveCfg = Debug|Any CPU
		{42E834C6-D507-4FF2-862F-5863695773F0}.Debug|Any CPU.Build.0 = Debug|Any CPU
		{42E834C6-D507-4FF2-862F-5863695773F0}.Release|Any CPU.ActiveCfg = Release|Any CPU
		{42E834C6-D507-4FF2-862F-5863695773F0}.Release|Any CPU.Build.0 = Release|Any CPU
		{6616CD9A-71E6-4519-A7C4-61324AE6B71C}.Debug|Any CPU.ActiveCfg = Debug|Any CPU
		{6616CD9A-71E6-4519-A7C4-61324AE6B71C}.Debug|Any CPU.Build.0 = Debug|Any CPU
		{6616CD9A-71E6-4519-A7C4-61324AE6B71C}.Release|Any CPU.ActiveCfg = Release|Any CPU
		{6616CD9A-71E6-4519-A7C4-61324AE6B71C}.Release|Any CPU.Build.0 = Release|Any CPU
		{D8C6EC86-70C1-4EA1-AB45-6B13418F4AB9}.Debug|Any CPU.ActiveCfg = Debug|Any CPU
		{D8C6EC86-70C1-4EA1-AB45-6B13418F4AB9}.Debug|Any CPU.Build.0 = Debug|Any CPU
		{D8C6EC86-70C1-4EA1-AB45-6B13418F4AB9}.Release|Any CPU.ActiveCfg = Release|Any CPU
		{D8C6EC86-70C1-4EA1-AB45-6B13418F4AB9}.Release|Any CPU.Build.0 = Release|Any CPU
	EndGlobalSection
	GlobalSection(SolutionProperties) = preSolution
		HideSolutionNode = FALSE
	EndGlobalSection
	GlobalSection(ExtensibilityGlobals) = postSolution
		SolutionGuid = {7807F2E8-1FC8-4E2B-A94C-F4A16E9E776D}
	EndGlobalSection
EndGlobal
